
Microsoft Visual Studio Solution File, Format Version 12.00
# Visual Studio 2012
Project("{FAE04EC0-301F-11D3-BF4B-00C04F79EFBC}") = "Nuane.Interop", "Nuane.Interop\Nuane.Interop.csproj", "{0AF4D2C0-1C6C-4496-82C6-35F48E543815}"
EndProject
Project("{FAE04EC0-301F-11D3-BF4B-00C04F79EFBC}") = "Nuane.Interop.UnitTests", "Nuane.Interop.UnitTests\Nuane.Interop.UnitTests.csproj", "{1656E32E-B761-4086-8948-8BE70DE98AFA}"
EndProject
Project("{FAE04EC0-301F-11D3-BF4B-00C04F79EFBC}") = "Sample", "Sample\Sample.csproj", "{B07B6070-5E65-4AA0-8F46-0E97A40DCA5F}"
EndProject
Project("{2150E333-8FDC-42A3-9474-1A3956D46DE8}") = "Solution Items", "Solution Items", "{3668DA6E-67A0-4F35-9266-54442CE03454}"
	ProjectSection(SolutionItems) = preProject
		LICENSE = LICENSE
		README.md = README.md
	EndProjectSection
EndProject
Global
	GlobalSection(SolutionConfigurationPlatforms) = preSolution
		Debug|Any CPU = Debug|Any CPU
		Debug|x86 = Debug|x86
		Release|Any CPU = Release|Any CPU
		Release|x86 = Release|x86
	EndGlobalSection
	GlobalSection(ProjectConfigurationPlatforms) = postSolution
		{0AF4D2C0-1C6C-4496-82C6-35F48E543815}.Debug|Any CPU.ActiveCfg = Debug|Any CPU
		{0AF4D2C0-1C6C-4496-82C6-35F48E543815}.Debug|Any CPU.Build.0 = Debug|Any CPU
		{0AF4D2C0-1C6C-4496-82C6-35F48E543815}.Debug|x86.ActiveCfg = Debug|x86
		{0AF4D2C0-1C6C-4496-82C6-35F48E543815}.Debug|x86.Build.0 = Debug|x86
		{0AF4D2C0-1C6C-4496-82C6-35F48E543815}.Release|Any CPU.ActiveCfg = Release|Any CPU
		{0AF4D2C0-1C6C-4496-82C6-35F48E543815}.Release|Any CPU.Build.0 = Release|Any CPU
		{0AF4D2C0-1C6C-4496-82C6-35F48E543815}.Release|x86.ActiveCfg = Release|x86
		{0AF4D2C0-1C6C-4496-82C6-35F48E543815}.Release|x86.Build.0 = Release|x86
		{1656E32E-B761-4086-8948-8BE70DE98AFA}.Debug|Any CPU.ActiveCfg = Debug|Any CPU
		{1656E32E-B761-4086-8948-8BE70DE98AFA}.Debug|Any CPU.Build.0 = Debug|Any CPU
		{1656E32E-B761-4086-8948-8BE70DE98AFA}.Debug|x86.ActiveCfg = Debug|x86
		{1656E32E-B761-4086-8948-8BE70DE98AFA}.Debug|x86.Build.0 = Debug|x86
		{1656E32E-B761-4086-8948-8BE70DE98AFA}.Release|Any CPU.ActiveCfg = Release|Any CPU
		{1656E32E-B761-4086-8948-8BE70DE98AFA}.Release|Any CPU.Build.0 = Release|Any CPU
		{1656E32E-B761-4086-8948-8BE70DE98AFA}.Release|x86.ActiveCfg = Release|x86
		{1656E32E-B761-4086-8948-8BE70DE98AFA}.Release|x86.Build.0 = Release|x86
		{B07B6070-5E65-4AA0-8F46-0E97A40DCA5F}.Debug|Any CPU.ActiveCfg = Debug|Any CPU
		{B07B6070-5E65-4AA0-8F46-0E97A40DCA5F}.Debug|Any CPU.Build.0 = Debug|Any CPU
		{B07B6070-5E65-4AA0-8F46-0E97A40DCA5F}.Debug|x86.ActiveCfg = Debug|x86
		{B07B6070-5E65-4AA0-8F46-0E97A40DCA5F}.Debug|x86.Build.0 = Debug|x86
		{B07B6070-5E65-4AA0-8F46-0E97A40DCA5F}.Release|Any CPU.ActiveCfg = Release|Any CPU
		{B07B6070-5E65-4AA0-8F46-0E97A40DCA5F}.Release|Any CPU.Build.0 = Release|Any CPU
		{B07B6070-5E65-4AA0-8F46-0E97A40DCA5F}.Release|x86.ActiveCfg = Release|x86
		{B07B6070-5E65-4AA0-8F46-0E97A40DCA5F}.Release|x86.Build.0 = Release|x86
	EndGlobalSection
	GlobalSection(SolutionProperties) = preSolution
		HideSolutionNode = FALSE
	EndGlobalSection
EndGlobal
